
Microsoft Visual Studio Solution File, Format Version 12.00
# Visual Studio Version 16
VisualStudioVersion = 16.0.33214.272
MinimumVisualStudioVersion = 10.0.40219.1
Project("{FAE04EC0-301F-11D3-BF4B-00C04F79EFBC}") = "shop", "shop.csproj", "{E65F98D6-2B86-4F6A-99C4-F35563173239}"
EndProject
Global
	GlobalSection(SolutionConfigurationPlatforms) = preSolution
		Debug|Any CPU = Debug|Any CPU
		Release|Any CPU = Release|Any CPU
	EndGlobalSection
	GlobalSection(ProjectConfigurationPlatforms) = postSolution
		{E65F98D6-2B86-4F6A-99C4-F35563173239}.Debug|Any CPU.ActiveCfg = Debug|Any CPU
		{E65F98D6-2B86-4F6A-99C4-F35563173239}.Debug|Any CPU.Build.0 = Debug|Any CPU
		{E65F98D6-2B86-4F6A-99C4-F35563173239}.Release|Any CPU.ActiveCfg = Release|Any CPU
		{E65F98D6-2B86-4F6A-99C4-F35563173239}.Release|Any CPU.Build.0 = Release|Any CPU
	EndGlobalSection
	GlobalSection(SolutionProperties) = preSolution
		HideSolutionNode = FALSE
	EndGlobalSection
	GlobalSection(ExtensibilityGlobals) = postSolution
		SolutionGuid = {E505B273-648E-4C51-82C7-73FEADBEB426}
	EndGlobalSection
EndGlobal
